
Microsoft Visual Studio Solution File, Format Version 12.00
# Visual Studio 2013
VisualStudioVersion = 12.0.30110.0
MinimumVisualStudioVersion = 10.0.40219.1
Project("{FAE04EC0-301F-11D3-BF4B-00C04F79EFBC}") = "BlueCat.Api", "BlueCat.Api\BlueCat.Api.csproj", "{239F0F22-DA8C-4DEC-B4A5-F1693B3E25FE}"
EndProject
Project("{FAE04EC0-301F-11D3-BF4B-00C04F79EFBC}") = "BlueCat.Contract", "BlueCat.Contract\BlueCat.Contract.csproj", "{4E692765-6CA0-42AA-92DA-7757F4FD185E}"
EndProject
Project("{FAE04EC0-301F-11D3-BF4B-00C04F79EFBC}") = "BlueCat.Jwt", "BlueCat.Jwt\BlueCat.Jwt.csproj", "{EA86AF02-EA72-46A0-BF31-CC79211FAB98}"
EndProject
Project("{FAE04EC0-301F-11D3-BF4B-00C04F79EFBC}") = "BlueCat.Api.Internal", "BlueCat.Api.Internal\BlueCat.Api.Internal.csproj", "{B82BF1DC-992B-41E6-BE65-9C9A27D03F18}"
EndProject
Project("{FAE04EC0-301F-11D3-BF4B-00C04F79EFBC}") = "BlueCat.Api.UnitOfWork", "BlueCat.Api.UnitOfWork\BlueCat.Api.UnitOfWork.csproj", "{7A6124DC-8812-464A-989C-A0DA9C8BA587}"
EndProject
Project("{FAE04EC0-301F-11D3-BF4B-00C04F79EFBC}") = "BlueCat.Api.Repository.Interface", "BlueCat.Api.Repository.Interface\BlueCat.Api.Repository.Interface.csproj", "{95B95A3B-E1C8-477B-BDED-A1544F1BADAB}"
EndProject
Project("{FAE04EC0-301F-11D3-BF4B-00C04F79EFBC}") = "BlueCat.Api.Common", "BlueCat.Api.Common\BlueCat.Api.Common.csproj", "{D27585E5-ED11-46ED-9770-D44819825056}"
EndProject
Project("{FAE04EC0-301F-11D3-BF4B-00C04F79EFBC}") = "BlueCat.Api.Service.Interface", "BlueCat.Api.Service.Interface\BlueCat.Api.Service.Interface.csproj", "{7543FFF2-4FF0-469E-A9FC-D434E63B95D9}"
EndProject
Project("{FAE04EC0-301F-11D3-BF4B-00C04F79EFBC}") = "BlueCat.Api.Service.Impl", "BlueCat.Api.Service.Impl\BlueCat.Api.Service.Impl.csproj", "{FAD29391-5A5E-4479-9CE2-77AF1C66D68C}"
EndProject
Project("{FAE04EC0-301F-11D3-BF4B-00C04F79EFBC}") = "BlueCat.Api.Repository.Impl", "BlueCat.Api.Repository.Impl\BlueCat.Api.Repository.Impl.csproj", "{F8008E1D-E865-4AC6-A661-2455473C3E7C}"
EndProject
Project("{FAE04EC0-301F-11D3-BF4B-00C04F79EFBC}") = "BlueCat.Validation", "BlueCat.Validation\BlueCat.Validation.csproj", "{F1AD5641-C1E0-400D-9F7E-9302CDDA57D6}"
EndProject
Global
	GlobalSection(SolutionConfigurationPlatforms) = preSolution
		Debug|Any CPU = Debug|Any CPU
		Release|Any CPU = Release|Any CPU
	EndGlobalSection
	GlobalSection(ProjectConfigurationPlatforms) = postSolution
		{239F0F22-DA8C-4DEC-B4A5-F1693B3E25FE}.Debug|Any CPU.ActiveCfg = Debug|Any CPU
		{239F0F22-DA8C-4DEC-B4A5-F1693B3E25FE}.Debug|Any CPU.Build.0 = Debug|Any CPU
		{239F0F22-DA8C-4DEC-B4A5-F1693B3E25FE}.Release|Any CPU.ActiveCfg = Release|Any CPU
		{239F0F22-DA8C-4DEC-B4A5-F1693B3E25FE}.Release|Any CPU.Build.0 = Release|Any CPU
		{4E692765-6CA0-42AA-92DA-7757F4FD185E}.Debug|Any CPU.ActiveCfg = Debug|Any CPU
		{4E692765-6CA0-42AA-92DA-7757F4FD185E}.Debug|Any CPU.Build.0 = Debug|Any CPU
		{4E692765-6CA0-42AA-92DA-7757F4FD185E}.Release|Any CPU.ActiveCfg = Release|Any CPU
		{4E692765-6CA0-42AA-92DA-7757F4FD185E}.Release|Any CPU.Build.0 = Release|Any CPU
		{EA86AF02-EA72-46A0-BF31-CC79211FAB98}.Debug|Any CPU.ActiveCfg = Debug|Any CPU
		{EA86AF02-EA72-46A0-BF31-CC79211FAB98}.Debug|Any CPU.Build.0 = Debug|Any CPU
		{EA86AF02-EA72-46A0-BF31-CC79211FAB98}.Release|Any CPU.ActiveCfg = Release|Any CPU
		{EA86AF02-EA72-46A0-BF31-CC79211FAB98}.Release|Any CPU.Build.0 = Release|Any CPU
		{B82BF1DC-992B-41E6-BE65-9C9A27D03F18}.Debug|Any CPU.ActiveCfg = Debug|Any CPU
		{B82BF1DC-992B-41E6-BE65-9C9A27D03F18}.Debug|Any CPU.Build.0 = Debug|Any CPU
		{B82BF1DC-992B-41E6-BE65-9C9A27D03F18}.Release|Any CPU.ActiveCfg = Release|Any CPU
		{B82BF1DC-992B-41E6-BE65-9C9A27D03F18}.Release|Any CPU.Build.0 = Release|Any CPU
		{7A6124DC-8812-464A-989C-A0DA9C8BA587}.Debug|Any CPU.ActiveCfg = Debug|Any CPU
		{7A6124DC-8812-464A-989C-A0DA9C8BA587}.Debug|Any CPU.Build.0 = Debug|Any CPU
		{7A6124DC-8812-464A-989C-A0DA9C8BA587}.Release|Any CPU.ActiveCfg = Release|Any CPU
		{7A6124DC-8812-464A-989C-A0DA9C8BA587}.Release|Any CPU.Build.0 = Release|Any CPU
		{95B95A3B-E1C8-477B-BDED-A1544F1BADAB}.Debug|Any CPU.ActiveCfg = Debug|Any CPU
		{95B95A3B-E1C8-477B-BDED-A1544F1BADAB}.Debug|Any CPU.Build.0 = Debug|Any CPU
		{95B95A3B-E1C8-477B-BDED-A1544F1BADAB}.Release|Any CPU.ActiveCfg = Release|Any CPU
		{95B95A3B-E1C8-477B-BDED-A1544F1BADAB}.Release|Any CPU.Build.0 = Release|Any CPU
		{D27585E5-ED11-46ED-9770-D44819825056}.Debug|Any CPU.ActiveCfg = Debug|Any CPU
		{D27585E5-ED11-46ED-9770-D44819825056}.Debug|Any CPU.Build.0 = Debug|Any CPU
		{D27585E5-ED11-46ED-9770-D44819825056}.Release|Any CPU.ActiveCfg = Release|Any CPU
		{D27585E5-ED11-46ED-9770-D44819825056}.Release|Any CPU.Build.0 = Release|Any CPU
		{7543FFF2-4FF0-469E-A9FC-D434E63B95D9}.Debug|Any CPU.ActiveCfg = Debug|Any CPU
		{7543FFF2-4FF0-469E-A9FC-D434E63B95D9}.Debug|Any CPU.Build.0 = Debug|Any CPU
		{7543FFF2-4FF0-469E-A9FC-D434E63B95D9}.Release|Any CPU.ActiveCfg = Release|Any CPU
		{7543FFF2-4FF0-469E-A9FC-D434E63B95D9}.Release|Any CPU.Build.0 = Release|Any CPU
		{FAD29391-5A5E-4479-9CE2-77AF1C66D68C}.Debug|Any CPU.ActiveCfg = Debug|Any CPU
		{FAD29391-5A5E-4479-9CE2-77AF1C66D68C}.Debug|Any CPU.Build.0 = Debug|Any CPU
		{FAD29391-5A5E-4479-9CE2-77AF1C66D68C}.Release|Any CPU.ActiveCfg = Release|Any CPU
		{FAD29391-5A5E-4479-9CE2-77AF1C66D68C}.Release|Any CPU.Build.0 = Release|Any CPU
		{F8008E1D-E865-4AC6-A661-2455473C3E7C}.Debug|Any CPU.ActiveCfg = Debug|Any CPU
		{F8008E1D-E865-4AC6-A661-2455473C3E7C}.Debug|Any CPU.Build.0 = Debug|Any CPU
		{F8008E1D-E865-4AC6-A661-2455473C3E7C}.Release|Any CPU.ActiveCfg = Release|Any CPU
		{F8008E1D-E865-4AC6-A661-2455473C3E7C}.Release|Any CPU.Build.0 = Release|Any CPU
		{F1AD5641-C1E0-400D-9F7E-9302CDDA57D6}.Debug|Any CPU.ActiveCfg = Debug|Any CPU
		{F1AD5641-C1E0-400D-9F7E-9302CDDA57D6}.Debug|Any CPU.Build.0 = Debug|Any CPU
		{F1AD5641-C1E0-400D-9F7E-9302CDDA57D6}.Release|Any CPU.ActiveCfg = Release|Any CPU
		{F1AD5641-C1E0-400D-9F7E-9302CDDA57D6}.Release|Any CPU.Build.0 = Release|Any CPU
	EndGlobalSection
	GlobalSection(SolutionProperties) = preSolution
		HideSolutionNode = FALSE
	EndGlobalSection
EndGlobal
